
Microsoft Visual Studio Solution File, Format Version 12.00
# Visual Studio Version 16
VisualStudioVersion = 16.0.30413.136
MinimumVisualStudioVersion = 10.0.40219.1
Project("{9A19103F-16F7-4668-BE54-9A1E7A4F7556}") = "ModuleA", "ModuleA\ModuleA.csproj", "{04CBB468-F350-426D-9F2D-0658E5FA9B7B}"
EndProject
Project("{9A19103F-16F7-4668-BE54-9A1E7A4F7556}") = "First_MVVM", "First_MVVM\First_MVVM.csproj", "{D66F0587-7CC8-4EB0-9CE1-853EF84FA94E}"
EndProject
Project("{9A19103F-16F7-4668-BE54-9A1E7A4F7556}") = "First_MVVMTests", "First_MVVMTests\First_MVVMTests.csproj", "{148F2894-B30A-4EF9-B8F7-3ADDC1609EBB}"
EndProject
Project("{9A19103F-16F7-4668-BE54-9A1E7A4F7556}") = "EasyCardModel", "..\..\..\..\source\repos\EasyCardModel\EasyCardModel\EasyCardModel.csproj", "{A87ED666-3444-4FD7-B25C-F74928D15C49}"
EndProject
Project("{FAE04EC0-301F-11D3-BF4B-00C04F79EFBC}") = "DB", "DB\DB.csproj", "{7270D6D4-2A02-46D0-92E1-DA01437EA6CA}"
EndProject
Global
	GlobalSection(SolutionConfigurationPlatforms) = preSolution
		Debug|Any CPU = Debug|Any CPU
		Release|Any CPU = Release|Any CPU
	EndGlobalSection
	GlobalSection(ProjectConfigurationPlatforms) = postSolution
		{04CBB468-F350-426D-9F2D-0658E5FA9B7B}.Debug|Any CPU.ActiveCfg = Debug|Any CPU
		{04CBB468-F350-426D-9F2D-0658E5FA9B7B}.Debug|Any CPU.Build.0 = Debug|Any CPU
		{04CBB468-F350-426D-9F2D-0658E5FA9B7B}.Release|Any CPU.ActiveCfg = Release|Any CPU
		{04CBB468-F350-426D-9F2D-0658E5FA9B7B}.Release|Any CPU.Build.0 = Release|Any CPU
		{D66F0587-7CC8-4EB0-9CE1-853EF84FA94E}.Debug|Any CPU.ActiveCfg = Debug|Any CPU
		{D66F0587-7CC8-4EB0-9CE1-853EF84FA94E}.Debug|Any CPU.Build.0 = Debug|Any CPU
		{D66F0587-7CC8-4EB0-9CE1-853EF84FA94E}.Release|Any CPU.ActiveCfg = Release|Any CPU
		{D66F0587-7CC8-4EB0-9CE1-853EF84FA94E}.Release|Any CPU.Build.0 = Release|Any CPU
		{148F2894-B30A-4EF9-B8F7-3ADDC1609EBB}.Debug|Any CPU.ActiveCfg = Debug|Any CPU
		{148F2894-B30A-4EF9-B8F7-3ADDC1609EBB}.Debug|Any CPU.Build.0 = Debug|Any CPU
		{148F2894-B30A-4EF9-B8F7-3ADDC1609EBB}.Release|Any CPU.ActiveCfg = Release|Any CPU
		{148F2894-B30A-4EF9-B8F7-3ADDC1609EBB}.Release|Any CPU.Build.0 = Release|Any CPU
		{A87ED666-3444-4FD7-B25C-F74928D15C49}.Debug|Any CPU.ActiveCfg = Debug|Any CPU
		{A87ED666-3444-4FD7-B25C-F74928D15C49}.Debug|Any CPU.Build.0 = Debug|Any CPU
		{A87ED666-3444-4FD7-B25C-F74928D15C49}.Release|Any CPU.ActiveCfg = Release|Any CPU
		{A87ED666-3444-4FD7-B25C-F74928D15C49}.Release|Any CPU.Build.0 = Release|Any CPU
		{7270D6D4-2A02-46D0-92E1-DA01437EA6CA}.Debug|Any CPU.ActiveCfg = Debug|Any CPU
		{7270D6D4-2A02-46D0-92E1-DA01437EA6CA}.Debug|Any CPU.Build.0 = Debug|Any CPU
		{7270D6D4-2A02-46D0-92E1-DA01437EA6CA}.Release|Any CPU.ActiveCfg = Release|Any CPU
		{7270D6D4-2A02-46D0-92E1-DA01437EA6CA}.Release|Any CPU.Build.0 = Release|Any CPU
	EndGlobalSection
	GlobalSection(SolutionProperties) = preSolution
		HideSolutionNode = FALSE
	EndGlobalSection
	GlobalSection(ExtensibilityGlobals) = postSolution
		SolutionGuid = {2A89F831-4393-4545-9B18-AF30C395B8FF}
	EndGlobalSection
EndGlobal
