
Microsoft Visual Studio Solution File, Format Version 12.00
# Visual Studio Version 16
VisualStudioVersion = 16.0.30413.136
MinimumVisualStudioVersion = 10.0.40219.1
Project("{9A19103F-16F7-4668-BE54-9A1E7A4F7556}") = "First_MVVM", "First_MVVM\First_MVVM.csproj", "{D66F0587-7CC8-4EB0-9CE1-853EF84FA94E}"
EndProject
Project("{9A19103F-16F7-4668-BE54-9A1E7A4F7556}") = "DB", "DB\DB.csproj", "{7270D6D4-2A02-46D0-92E1-DA01437EA6CA}"
EndProject
Project("{9A19103F-16F7-4668-BE54-9A1E7A4F7556}") = "EasyCardModel", "EasyCardModel\EasyCardModel\EasyCardModel.csproj", "{3D1B73A7-F8F4-43F2-8754-147F93E0C60D}"
EndProject
Project("{9A19103F-16F7-4668-BE54-9A1E7A4F7556}") = "RfidModel", "RfidModel\RfidModel.csproj", "{00F582B1-3BEA-4C75-8948-5DE50896F3A1}"
EndProject
Project("{FAE04EC0-301F-11D3-BF4B-00C04F79EFBC}") = "SendMessageModel", "SendMessageModel\SendMessageModel.csproj", "{10AE0C61-E0EF-4C63-9D50-D81F717165FC}"
EndProject
Global
	GlobalSection(SolutionConfigurationPlatforms) = preSolution
		Debug|Any CPU = Debug|Any CPU
		Release|Any CPU = Release|Any CPU
	EndGlobalSection
	GlobalSection(ProjectConfigurationPlatforms) = postSolution
		{D66F0587-7CC8-4EB0-9CE1-853EF84FA94E}.Debug|Any CPU.ActiveCfg = Debug|Any CPU
		{D66F0587-7CC8-4EB0-9CE1-853EF84FA94E}.Debug|Any CPU.Build.0 = Debug|Any CPU
		{D66F0587-7CC8-4EB0-9CE1-853EF84FA94E}.Release|Any CPU.ActiveCfg = Release|Any CPU
		{D66F0587-7CC8-4EB0-9CE1-853EF84FA94E}.Release|Any CPU.Build.0 = Release|Any CPU
		{7270D6D4-2A02-46D0-92E1-DA01437EA6CA}.Debug|Any CPU.ActiveCfg = Debug|Any CPU
		{7270D6D4-2A02-46D0-92E1-DA01437EA6CA}.Debug|Any CPU.Build.0 = Debug|Any CPU
		{7270D6D4-2A02-46D0-92E1-DA01437EA6CA}.Release|Any CPU.ActiveCfg = Release|Any CPU
		{7270D6D4-2A02-46D0-92E1-DA01437EA6CA}.Release|Any CPU.Build.0 = Release|Any CPU
		{3D1B73A7-F8F4-43F2-8754-147F93E0C60D}.Debug|Any CPU.ActiveCfg = Debug|Any CPU
		{3D1B73A7-F8F4-43F2-8754-147F93E0C60D}.Debug|Any CPU.Build.0 = Debug|Any CPU
		{3D1B73A7-F8F4-43F2-8754-147F93E0C60D}.Release|Any CPU.ActiveCfg = Release|Any CPU
		{3D1B73A7-F8F4-43F2-8754-147F93E0C60D}.Release|Any CPU.Build.0 = Release|Any CPU
		{00F582B1-3BEA-4C75-8948-5DE50896F3A1}.Debug|Any CPU.ActiveCfg = Debug|Any CPU
		{00F582B1-3BEA-4C75-8948-5DE50896F3A1}.Debug|Any CPU.Build.0 = Debug|Any CPU
		{00F582B1-3BEA-4C75-8948-5DE50896F3A1}.Release|Any CPU.ActiveCfg = Release|Any CPU
		{00F582B1-3BEA-4C75-8948-5DE50896F3A1}.Release|Any CPU.Build.0 = Release|Any CPU
		{10AE0C61-E0EF-4C63-9D50-D81F717165FC}.Debug|Any CPU.ActiveCfg = Debug|Any CPU
		{10AE0C61-E0EF-4C63-9D50-D81F717165FC}.Debug|Any CPU.Build.0 = Debug|Any CPU
		{10AE0C61-E0EF-4C63-9D50-D81F717165FC}.Release|Any CPU.ActiveCfg = Release|Any CPU
		{10AE0C61-E0EF-4C63-9D50-D81F717165FC}.Release|Any CPU.Build.0 = Release|Any CPU
	EndGlobalSection
	GlobalSection(SolutionProperties) = preSolution
		HideSolutionNode = FALSE
	EndGlobalSection
	GlobalSection(ExtensibilityGlobals) = postSolution
		SolutionGuid = {2A89F831-4393-4545-9B18-AF30C395B8FF}
	EndGlobalSection
EndGlobal
